
Microsoft Visual Studio Solution File, Format Version 12.00
# Visual Studio Version 17
VisualStudioVersion = 17.3.32819.101
MinimumVisualStudioVersion = 10.0.40219.1
Project("{FAE04EC0-301F-11D3-BF4B-00C04F79EFBC}") = "Wallet", "Wallet\Wallet.csproj", "{2DD6DEC8-5982-4E05-A2B0-3C2DE27BCBD8}"
EndProject
Global
	GlobalSection(SolutionConfigurationPlatforms) = preSolution
		Debug|Any CPU = Debug|Any CPU
		Release|Any CPU = Release|Any CPU
	EndGlobalSection
	GlobalSection(ProjectConfigurationPlatforms) = postSolution
		{2DD6DEC8-5982-4E05-A2B0-3C2DE27BCBD8}.Debug|Any CPU.ActiveCfg = Debug|Any CPU
		{2DD6DEC8-5982-4E05-A2B0-3C2DE27BCBD8}.Debug|Any CPU.Build.0 = Debug|Any CPU
		{2DD6DEC8-5982-4E05-A2B0-3C2DE27BCBD8}.Release|Any CPU.ActiveCfg = Release|Any CPU
		{2DD6DEC8-5982-4E05-A2B0-3C2DE27BCBD8}.Release|Any CPU.Build.0 = Release|Any CPU
	EndGlobalSection
	GlobalSection(SolutionProperties) = preSolution
		HideSolutionNode = FALSE
	EndGlobalSection
	GlobalSection(ExtensibilityGlobals) = postSolution
		SolutionGuid = {5A339BAE-BEBC-4A33-B2D1-E4FCEB246E19}
	EndGlobalSection
EndGlobal
